
Microsoft Visual Studio Solution File, Format Version 12.00
# Visual Studio Version 16
VisualStudioVersion = 16.0.30114.105
MinimumVisualStudioVersion = 10.0.40219.1
Project("{FAE04EC0-301F-11D3-BF4B-00C04F79EFBC}") = "ProEventos.Application", "ProEventos.Application\ProEventos.Application.csproj", "{059C5011-471C-46CF-B899-52FEA8807114}"
EndProject
Project("{FAE04EC0-301F-11D3-BF4B-00C04F79EFBC}") = "ProEventos.Domain", "ProEventos.Domain\ProEventos.Domain.csproj", "{94531A6F-89FD-4741-B940-0A3C9EEB86C7}"
EndProject
Project("{FAE04EC0-301F-11D3-BF4B-00C04F79EFBC}") = "ProEventos.API", "ProEventos.API\ProEventos.API.csproj", "{3A67D253-8DB5-4419-A12F-A98BCD1D1581}"
EndProject
Project("{FAE04EC0-301F-11D3-BF4B-00C04F79EFBC}") = "ProEventos.Persistence", "ProEventos.Persistence\ProEventos.Persistence.csproj", "{A2439DFC-0161-427D-B10C-F4ADDAFE41EF}"
EndProject
Global
	GlobalSection(SolutionConfigurationPlatforms) = preSolution
		Debug|Any CPU = Debug|Any CPU
		Debug|x64 = Debug|x64
		Debug|x86 = Debug|x86
		Release|Any CPU = Release|Any CPU
		Release|x64 = Release|x64
		Release|x86 = Release|x86
	EndGlobalSection
	GlobalSection(SolutionProperties) = preSolution
		HideSolutionNode = FALSE
	EndGlobalSection
	GlobalSection(ProjectConfigurationPlatforms) = postSolution
		{059C5011-471C-46CF-B899-52FEA8807114}.Debug|Any CPU.ActiveCfg = Debug|Any CPU
		{059C5011-471C-46CF-B899-52FEA8807114}.Debug|Any CPU.Build.0 = Debug|Any CPU
		{059C5011-471C-46CF-B899-52FEA8807114}.Debug|x64.ActiveCfg = Debug|Any CPU
		{059C5011-471C-46CF-B899-52FEA8807114}.Debug|x64.Build.0 = Debug|Any CPU
		{059C5011-471C-46CF-B899-52FEA8807114}.Debug|x86.ActiveCfg = Debug|Any CPU
		{059C5011-471C-46CF-B899-52FEA8807114}.Debug|x86.Build.0 = Debug|Any CPU
		{059C5011-471C-46CF-B899-52FEA8807114}.Release|Any CPU.ActiveCfg = Release|Any CPU
		{059C5011-471C-46CF-B899-52FEA8807114}.Release|Any CPU.Build.0 = Release|Any CPU
		{059C5011-471C-46CF-B899-52FEA8807114}.Release|x64.ActiveCfg = Release|Any CPU
		{059C5011-471C-46CF-B899-52FEA8807114}.Release|x64.Build.0 = Release|Any CPU
		{059C5011-471C-46CF-B899-52FEA8807114}.Release|x86.ActiveCfg = Release|Any CPU
		{059C5011-471C-46CF-B899-52FEA8807114}.Release|x86.Build.0 = Release|Any CPU
		{94531A6F-89FD-4741-B940-0A3C9EEB86C7}.Debug|Any CPU.ActiveCfg = Debug|Any CPU
		{94531A6F-89FD-4741-B940-0A3C9EEB86C7}.Debug|Any CPU.Build.0 = Debug|Any CPU
		{94531A6F-89FD-4741-B940-0A3C9EEB86C7}.Debug|x64.ActiveCfg = Debug|Any CPU
		{94531A6F-89FD-4741-B940-0A3C9EEB86C7}.Debug|x64.Build.0 = Debug|Any CPU
		{94531A6F-89FD-4741-B940-0A3C9EEB86C7}.Debug|x86.ActiveCfg = Debug|Any CPU
		{94531A6F-89FD-4741-B940-0A3C9EEB86C7}.Debug|x86.Build.0 = Debug|Any CPU
		{94531A6F-89FD-4741-B940-0A3C9EEB86C7}.Release|Any CPU.ActiveCfg = Release|Any CPU
		{94531A6F-89FD-4741-B940-0A3C9EEB86C7}.Release|Any CPU.Build.0 = Release|Any CPU
		{94531A6F-89FD-4741-B940-0A3C9EEB86C7}.Release|x64.ActiveCfg = Release|Any CPU
		{94531A6F-89FD-4741-B940-0A3C9EEB86C7}.Release|x64.Build.0 = Release|Any CPU
		{94531A6F-89FD-4741-B940-0A3C9EEB86C7}.Release|x86.ActiveCfg = Release|Any CPU
		{94531A6F-89FD-4741-B940-0A3C9EEB86C7}.Release|x86.Build.0 = Release|Any CPU
		{3A67D253-8DB5-4419-A12F-A98BCD1D1581}.Debug|Any CPU.ActiveCfg = Debug|Any CPU
		{3A67D253-8DB5-4419-A12F-A98BCD1D1581}.Debug|Any CPU.Build.0 = Debug|Any CPU
		{3A67D253-8DB5-4419-A12F-A98BCD1D1581}.Debug|x64.ActiveCfg = Debug|Any CPU
		{3A67D253-8DB5-4419-A12F-A98BCD1D1581}.Debug|x64.Build.0 = Debug|Any CPU
		{3A67D253-8DB5-4419-A12F-A98BCD1D1581}.Debug|x86.ActiveCfg = Debug|Any CPU
		{3A67D253-8DB5-4419-A12F-A98BCD1D1581}.Debug|x86.Build.0 = Debug|Any CPU
		{3A67D253-8DB5-4419-A12F-A98BCD1D1581}.Release|Any CPU.ActiveCfg = Release|Any CPU
		{3A67D253-8DB5-4419-A12F-A98BCD1D1581}.Release|Any CPU.Build.0 = Release|Any CPU
		{3A67D253-8DB5-4419-A12F-A98BCD1D1581}.Release|x64.ActiveCfg = Release|Any CPU
		{3A67D253-8DB5-4419-A12F-A98BCD1D1581}.Release|x64.Build.0 = Release|Any CPU
		{3A67D253-8DB5-4419-A12F-A98BCD1D1581}.Release|x86.ActiveCfg = Release|Any CPU
		{3A67D253-8DB5-4419-A12F-A98BCD1D1581}.Release|x86.Build.0 = Release|Any CPU
		{A2439DFC-0161-427D-B10C-F4ADDAFE41EF}.Debug|Any CPU.ActiveCfg = Debug|Any CPU
		{A2439DFC-0161-427D-B10C-F4ADDAFE41EF}.Debug|Any CPU.Build.0 = Debug|Any CPU
		{A2439DFC-0161-427D-B10C-F4ADDAFE41EF}.Debug|x64.ActiveCfg = Debug|Any CPU
		{A2439DFC-0161-427D-B10C-F4ADDAFE41EF}.Debug|x64.Build.0 = Debug|Any CPU
		{A2439DFC-0161-427D-B10C-F4ADDAFE41EF}.Debug|x86.ActiveCfg = Debug|Any CPU
		{A2439DFC-0161-427D-B10C-F4ADDAFE41EF}.Debug|x86.Build.0 = Debug|Any CPU
		{A2439DFC-0161-427D-B10C-F4ADDAFE41EF}.Release|Any CPU.ActiveCfg = Release|Any CPU
		{A2439DFC-0161-427D-B10C-F4ADDAFE41EF}.Release|Any CPU.Build.0 = Release|Any CPU
		{A2439DFC-0161-427D-B10C-F4ADDAFE41EF}.Release|x64.ActiveCfg = Release|Any CPU
		{A2439DFC-0161-427D-B10C-F4ADDAFE41EF}.Release|x64.Build.0 = Release|Any CPU
		{A2439DFC-0161-427D-B10C-F4ADDAFE41EF}.Release|x86.ActiveCfg = Release|Any CPU
		{A2439DFC-0161-427D-B10C-F4ADDAFE41EF}.Release|x86.Build.0 = Release|Any CPU
	EndGlobalSection
EndGlobal
